{
  "name": "pdprotractor",
  "version": "1.0.0",
  "lockfileVersion": 1,
  "requires": true,
  "dependencies": {
    "lodash": {
      "version": "4.17.4",
      "resolved": "https://registry.npmjs.org/lodash/-/lodash-4.17.4.tgz",
      "integrity": "sha1-eCA6TRwyiuHYbcpkYONptX9AVa4="
    },
    "moment": {
      "version": "2.19.1",
      "resolved": "https://registry.npmjs.org/moment/-/moment-2.19.1.tgz",
      "integrity": "sha1-VtoaLRy/AdOLfhr8McELz6GSkWc="
    },
    "simple-node-logger": {
      "version": "0.93.33",
      "resolved": "https://registry.npmjs.org/simple-node-logger/-/simple-node-logger-0.93.33.tgz",
      "integrity": "sha512-ppFuaDeacR1Vu+cP17kwOWQsx5C1vbIRa54qm5WgZBzQ5eBue/GWsDd4sr++ITnWZIoIOvjx5kEm5AhP7IqU+Q==",
      "requires": {
        "lodash": "4.17.4",
        "moment": "2.19.1"
      }
    }
  }
}
